
Microsoft Visual Studio Solution File, Format Version 12.00
# Visual Studio Version 17
VisualStudioVersion = 17.7.34024.191
MinimumVisualStudioVersion = 10.0.40219.1
Project("{888888A0-9F3D-457C-B088-3A5042F75D52}") = "hw1", "hw1\hw1.pyproj", "{813A1C92-E76B-4AFC-826D-B4929918214B}"
EndProject
Global
	GlobalSection(SolutionConfigurationPlatforms) = preSolution
		Debug|Any CPU = Debug|Any CPU
		Release|Any CPU = Release|Any CPU
	EndGlobalSection
	GlobalSection(ProjectConfigurationPlatforms) = postSolution
		{813A1C92-E76B-4AFC-826D-B4929918214B}.Debug|Any CPU.ActiveCfg = Debug|Any CPU
		{813A1C92-E76B-4AFC-826D-B4929918214B}.Release|Any CPU.ActiveCfg = Release|Any CPU
	EndGlobalSection
	GlobalSection(SolutionProperties) = preSolution
		HideSolutionNode = FALSE
	EndGlobalSection
	GlobalSection(ExtensibilityGlobals) = postSolution
		SolutionGuid = {5DAF3E58-D94A-425E-B4C7-83B1B875ED1F}
	EndGlobalSection
EndGlobal
