
Microsoft Visual Studio Solution File, Format Version 12.00
# Visual Studio Version 17
VisualStudioVersion = 17.7.34024.191
MinimumVisualStudioVersion = 10.0.40219.1
Project("{888888A0-9F3D-457C-B088-3A5042F75D52}") = "lab1", "lab1\lab1.pyproj", "{B7F9A063-D1A0-400F-8C77-7BF0E9153E9E}"
EndProject
Global
	GlobalSection(SolutionConfigurationPlatforms) = preSolution
		Debug|Any CPU = Debug|Any CPU
		Release|Any CPU = Release|Any CPU
	EndGlobalSection
	GlobalSection(ProjectConfigurationPlatforms) = postSolution
		{B7F9A063-D1A0-400F-8C77-7BF0E9153E9E}.Debug|Any CPU.ActiveCfg = Debug|Any CPU
		{B7F9A063-D1A0-400F-8C77-7BF0E9153E9E}.Release|Any CPU.ActiveCfg = Release|Any CPU
	EndGlobalSection
	GlobalSection(SolutionProperties) = preSolution
		HideSolutionNode = FALSE
	EndGlobalSection
	GlobalSection(ExtensibilityGlobals) = postSolution
		SolutionGuid = {FD4D2272-4437-483E-9062-A022BCA2C4BA}
	EndGlobalSection
EndGlobal
